# This file was autogenerated by uv via the following command:
#    uv pip compile config/requirements.txt --output-file=config/requirements.lock --universal
cloudpickle==3.1.2
    # via joblib
contourpy==1.4.0
    # via matplotlib
cycler==0.12.1
    # via matplotlib
fonttools==4.66.1
    # via matplotlib
joblib==1.6.0
    # via scikit-learn
kiwisolver==1.5.1
    # via matplotlib
matplotlib==3.11.2
    # via
    #   -r config/requirements.txt
    #   seaborn
narwhals==2.26.0
    # via scikit-learn
numpy==2.5.3
    # via
    #   -r config/requirements.txt
    #   contourpy
    #   matplotlib
    #   pandas
    #   scikit-learn
    #   scipy
    #   seaborn
packaging==26.3
    # via matplotlib
pandas==3.0.6
    # via
    #   -r config/requirements.txt
    #   seaborn
pillow==12.3.0
    # via matplotlib
pyparsing==3.3.3
    # via matplotlib
python-dateutil==2.9.0.post0
    # via
    #   matplotlib
    #   pandas
scikit-learn==1.9.1
    # via -r config/requirements.txt
scipy==1.18.1
    # via scikit-learn
seaborn==0.13.2
    # via -r config/requirements.txt
six==1.17.0
    # via python-dateutil
threadpoolctl==3.7.0
    # via scikit-learn
tzdata==2026.5 ; sys_platform == 'emscripten' or sys_platform == 'win32'
    # via pandas
